
Microsoft Visual Studio Solution File, Format Version 12.00
# Visual Studio 15
VisualStudioVersion = 15.0.26124.0
MinimumVisualStudioVersion = 15.0.26124.0
Project("{2150E333-8FDC-42A3-9474-1A3956D46DE8}") = "ManageInvetory", "ManageInvetory", "{AB52C44E-034B-4187-B3DF-FAF9DCBA1E66}"
EndProject
Project("{FAE04EC0-301F-11D3-BF4B-00C04F79EFBC}") = "Domain", "ManageInvetory\Domain\Domain.csproj", "{E741C888-4107-4033-9CD0-9E16DE88CBC6}"
EndProject
Project("{FAE04EC0-301F-11D3-BF4B-00C04F79EFBC}") = "Service", "ManageInvetory\Service\Service.csproj", "{EDD453FF-784D-4412-9F32-257484382652}"
EndProject
Project("{FAE04EC0-301F-11D3-BF4B-00C04F79EFBC}") = "tests", "ManageInvetory\tests\tests.csproj", "{7016F3C1-1857-4070-819D-9E409A48AF09}"
EndProject
Project("{2150E333-8FDC-42A3-9474-1A3956D46DE8}") = "Shop_eVendas", "Shop_eVendas", "{53F3CD36-4525-44BA-A196-5546B2D9307F}"
EndProject
Project("{FAE04EC0-301F-11D3-BF4B-00C04F79EFBC}") = "Domain", "Shop_eVendas\Domain\Domain.csproj", "{4B7E8FD9-E815-46D0-A576-95B06E14E5DC}"
EndProject
Project("{FAE04EC0-301F-11D3-BF4B-00C04F79EFBC}") = "Service", "Shop_eVendas\Service\Service.csproj", "{1645656B-45BB-44A1-978C-3B020F72CCDF}"
EndProject
Project("{FAE04EC0-301F-11D3-BF4B-00C04F79EFBC}") = "tests", "Shop_eVendas\tests\tests.csproj", "{1536C48D-EFC1-4CEB-81EB-10C397E053CB}"
EndProject
Global
	GlobalSection(SolutionConfigurationPlatforms) = preSolution
		Debug|Any CPU = Debug|Any CPU
		Debug|x64 = Debug|x64
		Debug|x86 = Debug|x86
		Release|Any CPU = Release|Any CPU
		Release|x64 = Release|x64
		Release|x86 = Release|x86
	EndGlobalSection
	GlobalSection(SolutionProperties) = preSolution
		HideSolutionNode = FALSE
	EndGlobalSection
	GlobalSection(ProjectConfigurationPlatforms) = postSolution
		{E741C888-4107-4033-9CD0-9E16DE88CBC6}.Debug|Any CPU.ActiveCfg = Debug|Any CPU
		{E741C888-4107-4033-9CD0-9E16DE88CBC6}.Debug|Any CPU.Build.0 = Debug|Any CPU
		{E741C888-4107-4033-9CD0-9E16DE88CBC6}.Debug|x64.ActiveCfg = Debug|Any CPU
		{E741C888-4107-4033-9CD0-9E16DE88CBC6}.Debug|x64.Build.0 = Debug|Any CPU
		{E741C888-4107-4033-9CD0-9E16DE88CBC6}.Debug|x86.ActiveCfg = Debug|Any CPU
		{E741C888-4107-4033-9CD0-9E16DE88CBC6}.Debug|x86.Build.0 = Debug|Any CPU
		{E741C888-4107-4033-9CD0-9E16DE88CBC6}.Release|Any CPU.ActiveCfg = Release|Any CPU
		{E741C888-4107-4033-9CD0-9E16DE88CBC6}.Release|Any CPU.Build.0 = Release|Any CPU
		{E741C888-4107-4033-9CD0-9E16DE88CBC6}.Release|x64.ActiveCfg = Release|Any CPU
		{E741C888-4107-4033-9CD0-9E16DE88CBC6}.Release|x64.Build.0 = Release|Any CPU
		{E741C888-4107-4033-9CD0-9E16DE88CBC6}.Release|x86.ActiveCfg = Release|Any CPU
		{E741C888-4107-4033-9CD0-9E16DE88CBC6}.Release|x86.Build.0 = Release|Any CPU
		{EDD453FF-784D-4412-9F32-257484382652}.Debug|Any CPU.ActiveCfg = Debug|Any CPU
		{EDD453FF-784D-4412-9F32-257484382652}.Debug|Any CPU.Build.0 = Debug|Any CPU
		{EDD453FF-784D-4412-9F32-257484382652}.Debug|x64.ActiveCfg = Debug|Any CPU
		{EDD453FF-784D-4412-9F32-257484382652}.Debug|x64.Build.0 = Debug|Any CPU
		{EDD453FF-784D-4412-9F32-257484382652}.Debug|x86.ActiveCfg = Debug|Any CPU
		{EDD453FF-784D-4412-9F32-257484382652}.Debug|x86.Build.0 = Debug|Any CPU
		{EDD453FF-784D-4412-9F32-257484382652}.Release|Any CPU.ActiveCfg = Release|Any CPU
		{EDD453FF-784D-4412-9F32-257484382652}.Release|Any CPU.Build.0 = Release|Any CPU
		{EDD453FF-784D-4412-9F32-257484382652}.Release|x64.ActiveCfg = Release|Any CPU
		{EDD453FF-784D-4412-9F32-257484382652}.Release|x64.Build.0 = Release|Any CPU
		{EDD453FF-784D-4412-9F32-257484382652}.Release|x86.ActiveCfg = Release|Any CPU
		{EDD453FF-784D-4412-9F32-257484382652}.Release|x86.Build.0 = Release|Any CPU
		{7016F3C1-1857-4070-819D-9E409A48AF09}.Debug|Any CPU.ActiveCfg = Debug|Any CPU
		{7016F3C1-1857-4070-819D-9E409A48AF09}.Debug|Any CPU.Build.0 = Debug|Any CPU
		{7016F3C1-1857-4070-819D-9E409A48AF09}.Debug|x64.ActiveCfg = Debug|Any CPU
		{7016F3C1-1857-4070-819D-9E409A48AF09}.Debug|x64.Build.0 = Debug|Any CPU
		{7016F3C1-1857-4070-819D-9E409A48AF09}.Debug|x86.ActiveCfg = Debug|Any CPU
		{7016F3C1-1857-4070-819D-9E409A48AF09}.Debug|x86.Build.0 = Debug|Any CPU
		{7016F3C1-1857-4070-819D-9E409A48AF09}.Release|Any CPU.ActiveCfg = Release|Any CPU
		{7016F3C1-1857-4070-819D-9E409A48AF09}.Release|Any CPU.Build.0 = Release|Any CPU
		{7016F3C1-1857-4070-819D-9E409A48AF09}.Release|x64.ActiveCfg = Release|Any CPU
		{7016F3C1-1857-4070-819D-9E409A48AF09}.Release|x64.Build.0 = Release|Any CPU
		{7016F3C1-1857-4070-819D-9E409A48AF09}.Release|x86.ActiveCfg = Release|Any CPU
		{7016F3C1-1857-4070-819D-9E409A48AF09}.Release|x86.Build.0 = Release|Any CPU
		{4B7E8FD9-E815-46D0-A576-95B06E14E5DC}.Debug|Any CPU.ActiveCfg = Debug|Any CPU
		{4B7E8FD9-E815-46D0-A576-95B06E14E5DC}.Debug|Any CPU.Build.0 = Debug|Any CPU
		{4B7E8FD9-E815-46D0-A576-95B06E14E5DC}.Debug|x64.ActiveCfg = Debug|Any CPU
		{4B7E8FD9-E815-46D0-A576-95B06E14E5DC}.Debug|x64.Build.0 = Debug|Any CPU
		{4B7E8FD9-E815-46D0-A576-95B06E14E5DC}.Debug|x86.ActiveCfg = Debug|Any CPU
		{4B7E8FD9-E815-46D0-A576-95B06E14E5DC}.Debug|x86.Build.0 = Debug|Any CPU
		{4B7E8FD9-E815-46D0-A576-95B06E14E5DC}.Release|Any CPU.ActiveCfg = Release|Any CPU
		{4B7E8FD9-E815-46D0-A576-95B06E14E5DC}.Release|Any CPU.Build.0 = Release|Any CPU
		{4B7E8FD9-E815-46D0-A576-95B06E14E5DC}.Release|x64.ActiveCfg = Release|Any CPU
		{4B7E8FD9-E815-46D0-A576-95B06E14E5DC}.Release|x64.Build.0 = Release|Any CPU
		{4B7E8FD9-E815-46D0-A576-95B06E14E5DC}.Release|x86.ActiveCfg = Release|Any CPU
		{4B7E8FD9-E815-46D0-A576-95B06E14E5DC}.Release|x86.Build.0 = Release|Any CPU
		{1645656B-45BB-44A1-978C-3B020F72CCDF}.Debug|Any CPU.ActiveCfg = Debug|Any CPU
		{1645656B-45BB-44A1-978C-3B020F72CCDF}.Debug|Any CPU.Build.0 = Debug|Any CPU
		{1645656B-45BB-44A1-978C-3B020F72CCDF}.Debug|x64.ActiveCfg = Debug|Any CPU
		{1645656B-45BB-44A1-978C-3B020F72CCDF}.Debug|x64.Build.0 = Debug|Any CPU
		{1645656B-45BB-44A1-978C-3B020F72CCDF}.Debug|x86.ActiveCfg = Debug|Any CPU
		{1645656B-45BB-44A1-978C-3B020F72CCDF}.Debug|x86.Build.0 = Debug|Any CPU
		{1645656B-45BB-44A1-978C-3B020F72CCDF}.Release|Any CPU.ActiveCfg = Release|Any CPU
		{1645656B-45BB-44A1-978C-3B020F72CCDF}.Release|Any CPU.Build.0 = Release|Any CPU
		{1645656B-45BB-44A1-978C-3B020F72CCDF}.Release|x64.ActiveCfg = Release|Any CPU
		{1645656B-45BB-44A1-978C-3B020F72CCDF}.Release|x64.Build.0 = Release|Any CPU
		{1645656B-45BB-44A1-978C-3B020F72CCDF}.Release|x86.ActiveCfg = Release|Any CPU
		{1645656B-45BB-44A1-978C-3B020F72CCDF}.Release|x86.Build.0 = Release|Any CPU
		{1536C48D-EFC1-4CEB-81EB-10C397E053CB}.Debug|Any CPU.ActiveCfg = Debug|Any CPU
		{1536C48D-EFC1-4CEB-81EB-10C397E053CB}.Debug|Any CPU.Build.0 = Debug|Any CPU
		{1536C48D-EFC1-4CEB-81EB-10C397E053CB}.Debug|x64.ActiveCfg = Debug|Any CPU
		{1536C48D-EFC1-4CEB-81EB-10C397E053CB}.Debug|x64.Build.0 = Debug|Any CPU
		{1536C48D-EFC1-4CEB-81EB-10C397E053CB}.Debug|x86.ActiveCfg = Debug|Any CPU
		{1536C48D-EFC1-4CEB-81EB-10C397E053CB}.Debug|x86.Build.0 = Debug|Any CPU
		{1536C48D-EFC1-4CEB-81EB-10C397E053CB}.Release|Any CPU.ActiveCfg = Release|Any CPU
		{1536C48D-EFC1-4CEB-81EB-10C397E053CB}.Release|Any CPU.Build.0 = Release|Any CPU
		{1536C48D-EFC1-4CEB-81EB-10C397E053CB}.Release|x64.ActiveCfg = Release|Any CPU
		{1536C48D-EFC1-4CEB-81EB-10C397E053CB}.Release|x64.Build.0 = Release|Any CPU
		{1536C48D-EFC1-4CEB-81EB-10C397E053CB}.Release|x86.ActiveCfg = Release|Any CPU
		{1536C48D-EFC1-4CEB-81EB-10C397E053CB}.Release|x86.Build.0 = Release|Any CPU
	EndGlobalSection
	GlobalSection(NestedProjects) = preSolution
		{E741C888-4107-4033-9CD0-9E16DE88CBC6} = {AB52C44E-034B-4187-B3DF-FAF9DCBA1E66}
		{EDD453FF-784D-4412-9F32-257484382652} = {AB52C44E-034B-4187-B3DF-FAF9DCBA1E66}
		{7016F3C1-1857-4070-819D-9E409A48AF09} = {AB52C44E-034B-4187-B3DF-FAF9DCBA1E66}
		{4B7E8FD9-E815-46D0-A576-95B06E14E5DC} = {53F3CD36-4525-44BA-A196-5546B2D9307F}
		{1645656B-45BB-44A1-978C-3B020F72CCDF} = {53F3CD36-4525-44BA-A196-5546B2D9307F}
		{1536C48D-EFC1-4CEB-81EB-10C397E053CB} = {53F3CD36-4525-44BA-A196-5546B2D9307F}
	EndGlobalSection
EndGlobal
